// !$*UTF8*$!
{
	archiveVersion = 1;
	classes = {
	};
	objectVersion = 52;
	objects = {

/* Begin PBXBuildFile section */
		3A0D2AB9253C3894000A8AF5 /* Assets.xcassets in Resources */ = {isa = PBXBuildFile; fileRef = 3A0D2AB8253C3894000A8AF5 /* Assets.xcassets */; };
		3A0D2ABC253C3894000A8AF5 /* Preview Assets.xcassets in Resources */ = {isa = PBXBuildFile; fileRef = 3A0D2ABB253C3894000A8AF5 /* Preview Assets.xcassets */; };
		3A0D2ABF253C3894000A8AF5 /* LaunchScreen.storyboard in Resources */ = {isa = PBXBuildFile; fileRef = 3A0D2ABD253C3894000A8AF5 /* LaunchScreen.storyboard */; };
		3A0D2ACA253C3894000A8AF5 /* BillieTests.swift in Sources */ = {isa = PBXBuildFile; fileRef = 3A0D2AC9253C3894000A8AF5 /* BillieTests.swift */; };
		3A0D2AD5253C3894000A8AF5 /* BillieUITests.swift in Sources */ = {isa = PBXBuildFile; fileRef = 3A0D2AD4253C3894000A8AF5 /* BillieUITests.swift */; };
		3A0D2B04253C3AB7000A8AF5 /* Sliders in Frameworks */ = {isa = PBXBuildFile; productRef = 3A0D2B03253C3AB7000A8AF5 /* Sliders */; };
		3A0D2B1E253C3DB3000A8AF5 /* SongDetailView.swift in Sources */ = {isa = PBXBuildFile; fileRef = 3A0D2B0A253C3DB0000A8AF5 /* SongDetailView.swift */; };
		3A0D2B1F253C3DB3000A8AF5 /* BlurView.swift in Sources */ = {isa = PBXBuildFile; fileRef = 3A0D2B0B253C3DB0000A8AF5 /* BlurView.swift */; };
		3A0D2B20253C3DB3000A8AF5 /* SpotifyItems.swift in Sources */ = {isa = PBXBuildFile; fileRef = 3A0D2B0C253C3DB0000A8AF5 /* SpotifyItems.swift */; };
		3A0D2B22253C3DB3000A8AF5 /* UserModel.swift in Sources */ = {isa = PBXBuildFile; fileRef = 3A0D2B0E253C3DB1000A8AF5 /* UserModel.swift */; };
		3A0D2B24253C3DB3000A8AF5 /* SongModel.swift in Sources */ = {isa = PBXBuildFile; fileRef = 3A0D2B10253C3DB1000A8AF5 /* SongModel.swift */; };
		3A0D2B25253C3DB3000A8AF5 /* SpotifyPublisher.swift in Sources */ = {isa = PBXBuildFile; fileRef = 3A0D2B11253C3DB1000A8AF5 /* SpotifyPublisher.swift */; };
		3A0D2B26253C3DB3000A8AF5 /* IsPlayingView.swift in Sources */ = {isa = PBXBuildFile; fileRef = 3A0D2B12253C3DB1000A8AF5 /* IsPlayingView.swift */; };
		3A0D2B27253C3DB3000A8AF5 /* NowPlayingView.swift in Sources */ = {isa = PBXBuildFile; fileRef = 3A0D2B13253C3DB1000A8AF5 /* NowPlayingView.swift */; };
		3A0D2B28253C3DB3000A8AF5 /* SpotifyKit.swift in Sources */ = {isa = PBXBuildFile; fileRef = 3A0D2B14253C3DB1000A8AF5 /* SpotifyKit.swift */; };
		3A0D2B29253C3DB3000A8AF5 /* CustomSlider.swift in Sources */ = {isa = PBXBuildFile; fileRef = 3A0D2B15253C3DB1000A8AF5 /* CustomSlider.swift */; };
		3A0D2B2A253C3DB3000A8AF5 /* URLImage.swift in Sources */ = {isa = PBXBuildFile; fileRef = 3A0D2B16253C3DB2000A8AF5 /* URLImage.swift */; };
		3A0D2B2B253C3DB3000A8AF5 /* HomeView.swift in Sources */ = {isa = PBXBuildFile; fileRef = 3A0D2B17253C3DB2000A8AF5 /* HomeView.swift */; };
		3A0D2B2C253C3DB3000A8AF5 /* Extensions.swift in Sources */ = {isa = PBXBuildFile; fileRef = 3A0D2B18253C3DB2000A8AF5 /* Extensions.swift */; };
		3A0D2B2D253C3DB3000A8AF5 /* Keychain.swift in Sources */ = {isa = PBXBuildFile; fileRef = 3A0D2B19253C3DB2000A8AF5 /* Keychain.swift */; };
		3A0D2B2F253C3DB3000A8AF5 /* WebCommunications.swift in Sources */ = {isa = PBXBuildFile; fileRef = 3A0D2B1B253C3DB2000A8AF5 /* WebCommunications.swift */; };
		3A0D2B30253C3DB3000A8AF5 /* SearchView.swift in Sources */ = {isa = PBXBuildFile; fileRef = 3A0D2B1C253C3DB2000A8AF5 /* SearchView.swift */; };
		3A0D2B31253C3DB3000A8AF5 /* ProgressView.swift in Sources */ = {isa = PBXBuildFile; fileRef = 3A0D2B1D253C3DB3000A8AF5 /* ProgressView.swift */; };
		3A0D2B42253C3DE0000A8AF5 /* AppDelegate.swift in Sources */ = {isa = PBXBuildFile; fileRef = 3A0D2B41253C3DE0000A8AF5 /* AppDelegate.swift */; };
		3A0D2B6E253C3F18000A8AF5 /* GoogleService-Info.plist in Resources */ = {isa = PBXBuildFile; fileRef = 3A0D2B6D253C3F18000A8AF5 /* GoogleService-Info.plist */; };
		3A0D2B73253C3F37000A8AF5 /* SpotifyiOS.framework in Frameworks */ = {isa = PBXBuildFile; fileRef = 3A0D2B72253C3F37000A8AF5 /* SpotifyiOS.framework */; };
		3A0D2B77253C3F77000A8AF5 /* ContentView.swift in Sources */ = {isa = PBXBuildFile; fileRef = 3A0D2B47253C3DFC000A8AF5 /* ContentView.swift */; };
		3A0D2B8C253C4208000A8AF5 /* SceneDelegate.swift in Sources */ = {isa = PBXBuildFile; fileRef = 3A0D2B8B253C4207000A8AF5 /* SceneDelegate.swift */; };
		3A0D2B94253C50D5000A8AF5 /* NoteModel.swift in Sources */ = {isa = PBXBuildFile; fileRef = 3A0D2B93253C50D5000A8AF5 /* NoteModel.swift */; };
		3A0D2BA7253C60B2000A8AF5 /* WidgetKit.framework in Frameworks */ = {isa = PBXBuildFile; fileRef = 3A0D2BA6253C60B2000A8AF5 /* WidgetKit.framework */; };
		3A0D2BA9253C60B3000A8AF5 /* SwiftUI.framework in Frameworks */ = {isa = PBXBuildFile; fileRef = 3A0D2BA8253C60B3000A8AF5 /* SwiftUI.framework */; };
		3A0D2BAC253C60B3000A8AF5 /* widget.swift in Sources */ = {isa = PBXBuildFile; fileRef = 3A0D2BAB253C60B3000A8AF5 /* widget.swift */; };
		3A0D2BAF253C60B3000A8AF5 /* Assets.xcassets in Resources */ = {isa = PBXBuildFile; fileRef = 3A0D2BAE253C60B3000A8AF5 /* Assets.xcassets */; };
		3A0D2BB1253C60B3000A8AF5 /* widget.intentdefinition in Sources */ = {isa = PBXBuildFile; fileRef = 3A0D2BAD253C60B3000A8AF5 /* widget.intentdefinition */; };
		3A0D2BB2253C60B3000A8AF5 /* widget.intentdefinition in Sources */ = {isa = PBXBuildFile; fileRef = 3A0D2BAD253C60B3000A8AF5 /* widget.intentdefinition */; };
		3A0D2BB6253C60B3000A8AF5 /* widgetExtension.appex in Embed App Extensions */ = {isa = PBXBuildFile; fileRef = 3A0D2BA5253C60B2000A8AF5 /* widgetExtension.appex */; settings = {ATTRIBUTES = (RemoveHeadersOnCopy, ); }; };
		3A0D2BCF253C68C7000A8AF5 /* Pods_Billie.framework in Frameworks */ = {isa = PBXBuildFile; fileRef = 1C8B2A27A0AFC15E1242F59D /* Pods_Billie.framework */; };
		8E02397515BD70091EB3DF07 /* Pods_Billie.framework in Frameworks */ = {isa = PBXBuildFile; fileRef = 1C8B2A27A0AFC15E1242F59D /* Pods_Billie.framework */; };
		BD1EBF06253C86E300CC6A46 /* MediaControlView.swift in Sources */ = {isa = PBXBuildFile; fileRef = BD1EBF05253C86E300CC6A46 /* MediaControlView.swift */; };
		BD8B024C253C75850054AF76 /* NoteItemView.swift in Sources */ = {isa = PBXBuildFile; fileRef = BD8B024B253C75850054AF76 /* NoteItemView.swift */; };
		BD8B0256253C791E0054AF76 /* NewNoteView.swift in Sources */ = {isa = PBXBuildFile; fileRef = BD8B0255253C791E0054AF76 /* NewNoteView.swift */; };
		BD8B025C253C80890054AF76 /* TextArea.swift in Sources */ = {isa = PBXBuildFile; fileRef = BD8B025B253C80890054AF76 /* TextArea.swift */; };
		E8930187E15B9353ACAAEB49 /* Pods_Billie_BillieUITests.framework in Frameworks */ = {isa = PBXBuildFile; fileRef = 38AAA8AB1C573CCE177A1EFA /* Pods_Billie_BillieUITests.framework */; };
		EAC7E3A3253C5B230066985A /* NowPlayingSliverView.swift in Sources */ = {isa = PBXBuildFile; fileRef = EAC7E3A2253C5B230066985A /* NowPlayingSliverView.swift */; };
		EDE56DF864BCC54B5C2B53B7 /* Pods_BillieTests.framework in Frameworks */ = {isa = PBXBuildFile; fileRef = 4BF08051362EDE22C5996D88 /* Pods_BillieTests.framework */; };
/* End PBXBuildFile section */

/* Begin PBXContainerItemProxy section */
		3A0D2AC6253C3894000A8AF5 /* PBXContainerItemProxy */ = {
			isa = PBXContainerItemProxy;
			containerPortal = 3A0D2AA7253C3893000A8AF5 /* Project object */;
			proxyType = 1;
			remoteGlobalIDString = 3A0D2AAE253C3893000A8AF5;
			remoteInfo = Billie;
		};
		3A0D2AD1253C3894000A8AF5 /* PBXContainerItemProxy */ = {
			isa = PBXContainerItemProxy;
			containerPortal = 3A0D2AA7253C3893000A8AF5 /* Project object */;
			proxyType = 1;
			remoteGlobalIDString = 3A0D2AAE253C3893000A8AF5;
			remoteInfo = Billie;
		};
		3A0D2BB3253C60B3000A8AF5 /* PBXContainerItemProxy */ = {
			isa = PBXContainerItemProxy;
			containerPortal = 3A0D2AA7253C3893000A8AF5 /* Project object */;
			proxyType = 1;
			remoteGlobalIDString = 3A0D2BA4253C60B2000A8AF5;
			remoteInfo = widgetExtension;
		};
/* End PBXContainerItemProxy section */

/* Begin PBXCopyFilesBuildPhase section */
		3A0D2BB5253C60B3000A8AF5 /* Embed App Extensions */ = {
			isa = PBXCopyFilesBuildPhase;
			buildActionMask = 2147483647;
			dstPath = "";
			dstSubfolderSpec = 13;
			files = (
				3A0D2BB6253C60B3000A8AF5 /* widgetExtension.appex in Embed App Extensions */,
			);
			name = "Embed App Extensions";
			runOnlyForDeploymentPostprocessing = 0;
		};
/* End PBXCopyFilesBuildPhase section */

/* Begin PBXFileReference section */
		1C8B2A27A0AFC15E1242F59D /* Pods_Billie.framework */ = {isa = PBXFileReference; explicitFileType = wrapper.framework; includeInIndex = 0; path = Pods_Billie.framework; sourceTree = BUILT_PRODUCTS_DIR; };
		2BA97442031A5FDFF5FDFB68 /* Pods-Billie-BillieUITests.debug.xcconfig */ = {isa = PBXFileReference; includeInIndex = 1; lastKnownFileType = text.xcconfig; name = "Pods-Billie-BillieUITests.debug.xcconfig"; path = "Target Support Files/Pods-Billie-BillieUITests/Pods-Billie-BillieUITests.debug.xcconfig"; sourceTree = "<group>"; };
		38AAA8AB1C573CCE177A1EFA /* Pods_Billie_BillieUITests.framework */ = {isa = PBXFileReference; explicitFileType = wrapper.framework; includeInIndex = 0; path = Pods_Billie_BillieUITests.framework; sourceTree = BUILT_PRODUCTS_DIR; };
		3A0D2AAF253C3893000A8AF5 /* Billie.app */ = {isa = PBXFileReference; explicitFileType = wrapper.application; includeInIndex = 0; path = Billie.app; sourceTree = BUILT_PRODUCTS_DIR; };
		3A0D2AB8253C3894000A8AF5 /* Assets.xcassets */ = {isa = PBXFileReference; lastKnownFileType = folder.assetcatalog; path = Assets.xcassets; sourceTree = "<group>"; };
		3A0D2ABB253C3894000A8AF5 /* Preview Assets.xcassets */ = {isa = PBXFileReference; lastKnownFileType = folder.assetcatalog; path = "Preview Assets.xcassets"; sourceTree = "<group>"; };
		3A0D2ABE253C3894000A8AF5 /* Base */ = {isa = PBXFileReference; lastKnownFileType = file.storyboard; name = Base; path = Base.lproj/LaunchScreen.storyboard; sourceTree = "<group>"; };
		3A0D2AC0253C3894000A8AF5 /* Info.plist */ = {isa = PBXFileReference; lastKnownFileType = text.plist.xml; path = Info.plist; sourceTree = "<group>"; };
		3A0D2AC5253C3894000A8AF5 /* BillieTests.xctest */ = {isa = PBXFileReference; explicitFileType = wrapper.cfbundle; includeInIndex = 0; path = BillieTests.xctest; sourceTree = BUILT_PRODUCTS_DIR; };
		3A0D2AC9253C3894000A8AF5 /* BillieTests.swift */ = {isa = PBXFileReference; lastKnownFileType = sourcecode.swift; path = BillieTests.swift; sourceTree = "<group>"; };
		3A0D2ACB253C3894000A8AF5 /* Info.plist */ = {isa = PBXFileReference; lastKnownFileType = text.plist.xml; path = Info.plist; sourceTree = "<group>"; };
		3A0D2AD0253C3894000A8AF5 /* BillieUITests.xctest */ = {isa = PBXFileReference; explicitFileType = wrapper.cfbundle; includeInIndex = 0; path = BillieUITests.xctest; sourceTree = BUILT_PRODUCTS_DIR; };
		3A0D2AD4253C3894000A8AF5 /* BillieUITests.swift */ = {isa = PBXFileReference; lastKnownFileType = sourcecode.swift; path = BillieUITests.swift; sourceTree = "<group>"; };
		3A0D2AD6253C3894000A8AF5 /* Info.plist */ = {isa = PBXFileReference; lastKnownFileType = text.plist.xml; path = Info.plist; sourceTree = "<group>"; };
		3A0D2B0A253C3DB0000A8AF5 /* SongDetailView.swift */ = {isa = PBXFileReference; fileEncoding = 4; lastKnownFileType = sourcecode.swift; path = SongDetailView.swift; sourceTree = "<group>"; };
		3A0D2B0B253C3DB0000A8AF5 /* BlurView.swift */ = {isa = PBXFileReference; fileEncoding = 4; lastKnownFileType = sourcecode.swift; path = BlurView.swift; sourceTree = "<group>"; };
		3A0D2B0C253C3DB0000A8AF5 /* SpotifyItems.swift */ = {isa = PBXFileReference; fileEncoding = 4; lastKnownFileType = sourcecode.swift; path = SpotifyItems.swift; sourceTree = "<group>"; };
		3A0D2B0E253C3DB1000A8AF5 /* UserModel.swift */ = {isa = PBXFileReference; fileEncoding = 4; lastKnownFileType = sourcecode.swift; path = UserModel.swift; sourceTree = "<group>"; };
		3A0D2B10253C3DB1000A8AF5 /* SongModel.swift */ = {isa = PBXFileReference; fileEncoding = 4; lastKnownFileType = sourcecode.swift; path = SongModel.swift; sourceTree = "<group>"; };
		3A0D2B11253C3DB1000A8AF5 /* SpotifyPublisher.swift */ = {isa = PBXFileReference; fileEncoding = 4; lastKnownFileType = sourcecode.swift; path = SpotifyPublisher.swift; sourceTree = "<group>"; };
		3A0D2B12253C3DB1000A8AF5 /* IsPlayingView.swift */ = {isa = PBXFileReference; fileEncoding = 4; lastKnownFileType = sourcecode.swift; path = IsPlayingView.swift; sourceTree = "<group>"; };
		3A0D2B13253C3DB1000A8AF5 /* NowPlayingView.swift */ = {isa = PBXFileReference; fileEncoding = 4; lastKnownFileType = sourcecode.swift; path = NowPlayingView.swift; sourceTree = "<group>"; };
		3A0D2B14253C3DB1000A8AF5 /* SpotifyKit.swift */ = {isa = PBXFileReference; fileEncoding = 4; lastKnownFileType = sourcecode.swift; path = SpotifyKit.swift; sourceTree = "<group>"; };
		3A0D2B15253C3DB1000A8AF5 /* CustomSlider.swift */ = {isa = PBXFileReference; fileEncoding = 4; lastKnownFileType = sourcecode.swift; path = CustomSlider.swift; sourceTree = "<group>"; };
		3A0D2B16253C3DB2000A8AF5 /* URLImage.swift */ = {isa = PBXFileReference; fileEncoding = 4; lastKnownFileType = sourcecode.swift; path = URLImage.swift; sourceTree = "<group>"; };
		3A0D2B17253C3DB2000A8AF5 /* HomeView.swift */ = {isa = PBXFileReference; fileEncoding = 4; indentWidth = 2; lastKnownFileType = sourcecode.swift; path = HomeView.swift; sourceTree = "<group>"; tabWidth = 2; };
		3A0D2B18253C3DB2000A8AF5 /* Extensions.swift */ = {isa = PBXFileReference; fileEncoding = 4; lastKnownFileType = sourcecode.swift; path = Extensions.swift; sourceTree = "<group>"; };
		3A0D2B19253C3DB2000A8AF5 /* Keychain.swift */ = {isa = PBXFileReference; fileEncoding = 4; lastKnownFileType = sourcecode.swift; path = Keychain.swift; sourceTree = "<group>"; };
		3A0D2B1B253C3DB2000A8AF5 /* WebCommunications.swift */ = {isa = PBXFileReference; fileEncoding = 4; lastKnownFileType = sourcecode.swift; path = WebCommunications.swift; sourceTree = "<group>"; };
		3A0D2B1C253C3DB2000A8AF5 /* SearchView.swift */ = {isa = PBXFileReference; fileEncoding = 4; lastKnownFileType = sourcecode.swift; path = SearchView.swift; sourceTree = "<group>"; };
		3A0D2B1D253C3DB3000A8AF5 /* ProgressView.swift */ = {isa = PBXFileReference; fileEncoding = 4; lastKnownFileType = sourcecode.swift; path = ProgressView.swift; sourceTree = "<group>"; };
		3A0D2B41253C3DE0000A8AF5 /* AppDelegate.swift */ = {isa = PBXFileReference; fileEncoding = 4; lastKnownFileType = sourcecode.swift; path = AppDelegate.swift; sourceTree = "<group>"; };
		3A0D2B47253C3DFC000A8AF5 /* ContentView.swift */ = {isa = PBXFileReference; lastKnownFileType = sourcecode.swift; path = ContentView.swift; sourceTree = "<group>"; };
		3A0D2B64253C3EE9000A8AF5 /* Billie-Bridging-Header.h */ = {isa = PBXFileReference; lastKnownFileType = sourcecode.c.h; path = "Billie-Bridging-Header.h"; sourceTree = "<group>"; };
		3A0D2B6D253C3F18000A8AF5 /* GoogleService-Info.plist */ = {isa = PBXFileReference; fileEncoding = 4; lastKnownFileType = text.plist.xml; path = "GoogleService-Info.plist"; sourceTree = "<group>"; };
		3A0D2B72253C3F37000A8AF5 /* SpotifyiOS.framework */ = {isa = PBXFileReference; lastKnownFileType = wrapper.framework; path = SpotifyiOS.framework; sourceTree = "<group>"; };
		3A0D2B8B253C4207000A8AF5 /* SceneDelegate.swift */ = {isa = PBXFileReference; fileEncoding = 4; lastKnownFileType = sourcecode.swift; path = SceneDelegate.swift; sourceTree = "<group>"; };
		3A0D2B93253C50D5000A8AF5 /* NoteModel.swift */ = {isa = PBXFileReference; lastKnownFileType = sourcecode.swift; path = NoteModel.swift; sourceTree = "<group>"; };
		3A0D2BA5253C60B2000A8AF5 /* widgetExtension.appex */ = {isa = PBXFileReference; explicitFileType = "wrapper.app-extension"; includeInIndex = 0; path = widgetExtension.appex; sourceTree = BUILT_PRODUCTS_DIR; };
		3A0D2BA6253C60B2000A8AF5 /* WidgetKit.framework */ = {isa = PBXFileReference; lastKnownFileType = wrapper.framework; name = WidgetKit.framework; path = System/Library/Frameworks/WidgetKit.framework; sourceTree = SDKROOT; };
		3A0D2BA8253C60B3000A8AF5 /* SwiftUI.framework */ = {isa = PBXFileReference; lastKnownFileType = wrapper.framework; name = SwiftUI.framework; path = System/Library/Frameworks/SwiftUI.framework; sourceTree = SDKROOT; };
		3A0D2BAB253C60B3000A8AF5 /* widget.swift */ = {isa = PBXFileReference; lastKnownFileType = sourcecode.swift; path = widget.swift; sourceTree = "<group>"; };
		3A0D2BAD253C60B3000A8AF5 /* widget.intentdefinition */ = {isa = PBXFileReference; lastKnownFileType = file.intentdefinition; path = widget.intentdefinition; sourceTree = "<group>"; };
		3A0D2BAE253C60B3000A8AF5 /* Assets.xcassets */ = {isa = PBXFileReference; lastKnownFileType = folder.assetcatalog; path = Assets.xcassets; sourceTree = "<group>"; };
		3A0D2BB0253C60B3000A8AF5 /* Info.plist */ = {isa = PBXFileReference; lastKnownFileType = text.plist.xml; path = Info.plist; sourceTree = "<group>"; };
		4BF08051362EDE22C5996D88 /* Pods_BillieTests.framework */ = {isa = PBXFileReference; explicitFileType = wrapper.framework; includeInIndex = 0; path = Pods_BillieTests.framework; sourceTree = BUILT_PRODUCTS_DIR; };
		8A68833B8E50929105E9E0F8 /* Pods-Billie.release.xcconfig */ = {isa = PBXFileReference; includeInIndex = 1; lastKnownFileType = text.xcconfig; name = "Pods-Billie.release.xcconfig"; path = "Target Support Files/Pods-Billie/Pods-Billie.release.xcconfig"; sourceTree = "<group>"; };
		A0C9C966036D73F3BD1AC7BA /* Pods-Billie-BillieUITests.release.xcconfig */ = {isa = PBXFileReference; includeInIndex = 1; lastKnownFileType = text.xcconfig; name = "Pods-Billie-BillieUITests.release.xcconfig"; path = "Target Support Files/Pods-Billie-BillieUITests/Pods-Billie-BillieUITests.release.xcconfig"; sourceTree = "<group>"; };
		B181BC3C742876DB443F342D /* Pods-BillieTests.release.xcconfig */ = {isa = PBXFileReference; includeInIndex = 1; lastKnownFileType = text.xcconfig; name = "Pods-BillieTests.release.xcconfig"; path = "Target Support Files/Pods-BillieTests/Pods-BillieTests.release.xcconfig"; sourceTree = "<group>"; };
		B730C291FCC6441BBCC8558E /* Pods-BillieTests.debug.xcconfig */ = {isa = PBXFileReference; includeInIndex = 1; lastKnownFileType = text.xcconfig; name = "Pods-BillieTests.debug.xcconfig"; path = "Target Support Files/Pods-BillieTests/Pods-BillieTests.debug.xcconfig"; sourceTree = "<group>"; };
		BD1EBF05253C86E300CC6A46 /* MediaControlView.swift */ = {isa = PBXFileReference; lastKnownFileType = sourcecode.swift; path = MediaControlView.swift; sourceTree = "<group>"; };
		BD8B024B253C75850054AF76 /* NoteItemView.swift */ = {isa = PBXFileReference; lastKnownFileType = sourcecode.swift; path = NoteItemView.swift; sourceTree = "<group>"; };
		BD8B0255253C791E0054AF76 /* NewNoteView.swift */ = {isa = PBXFileReference; indentWidth = 2; lastKnownFileType = sourcecode.swift; path = NewNoteView.swift; sourceTree = "<group>"; tabWidth = 2; };
		BD8B025B253C80890054AF76 /* TextArea.swift */ = {isa = PBXFileReference; lastKnownFileType = sourcecode.swift; path = TextArea.swift; sourceTree = "<group>"; };
		EAC7E3A2253C5B230066985A /* NowPlayingSliverView.swift */ = {isa = PBXFileReference; lastKnownFileType = sourcecode.swift; path = NowPlayingSliverView.swift; sourceTree = "<group>"; };
		EEC38AF50852D6399DA47CBB /* Pods-Billie.debug.xcconfig */ = {isa = PBXFileReference; includeInIndex = 1; lastKnownFileType = text.xcconfig; name = "Pods-Billie.debug.xcconfig"; path = "Target Support Files/Pods-Billie/Pods-Billie.debug.xcconfig"; sourceTree = "<group>"; };
/* End PBXFileReference section */

/* Begin PBXFrameworksBuildPhase section */
		3A0D2AAC253C3893000A8AF5 /* Frameworks */ = {
			isa = PBXFrameworksBuildPhase;
			buildActionMask = 2147483647;
			files = (
				8E02397515BD70091EB3DF07 /* Pods_Billie.framework in Frameworks */,
				3A0D2B73253C3F37000A8AF5 /* SpotifyiOS.framework in Frameworks */,
				3A0D2B04253C3AB7000A8AF5 /* Sliders in Frameworks */,
			);
			runOnlyForDeploymentPostprocessing = 0;
		};
		3A0D2AC2253C3894000A8AF5 /* Frameworks */ = {
			isa = PBXFrameworksBuildPhase;
			buildActionMask = 2147483647;
			files = (
				EDE56DF864BCC54B5C2B53B7 /* Pods_BillieTests.framework in Frameworks */,
			);
			runOnlyForDeploymentPostprocessing = 0;
		};
		3A0D2ACD253C3894000A8AF5 /* Frameworks */ = {
			isa = PBXFrameworksBuildPhase;
			buildActionMask = 2147483647;
			files = (
				E8930187E15B9353ACAAEB49 /* Pods_Billie_BillieUITests.framework in Frameworks */,
			);
			runOnlyForDeploymentPostprocessing = 0;
		};
		3A0D2BA2253C60B2000A8AF5 /* Frameworks */ = {
			isa = PBXFrameworksBuildPhase;
			buildActionMask = 2147483647;
			files = (
				3A0D2BA9253C60B3000A8AF5 /* SwiftUI.framework in Frameworks */,
				3A0D2BCF253C68C7000A8AF5 /* Pods_Billie.framework in Frameworks */,
				3A0D2BA7253C60B2000A8AF5 /* WidgetKit.framework in Frameworks */,
			);
			runOnlyForDeploymentPostprocessing = 0;
		};
/* End PBXFrameworksBuildPhase section */

/* Begin PBXGroup section */
		1F473D774CD7E6D5A9BDDCC6 /* Frameworks */ = {
			isa = PBXGroup;
			children = (
				3A0D2B72253C3F37000A8AF5 /* SpotifyiOS.framework */,
				1C8B2A27A0AFC15E1242F59D /* Pods_Billie.framework */,
				38AAA8AB1C573CCE177A1EFA /* Pods_Billie_BillieUITests.framework */,
				4BF08051362EDE22C5996D88 /* Pods_BillieTests.framework */,
				3A0D2BA6253C60B2000A8AF5 /* WidgetKit.framework */,
				3A0D2BA8253C60B3000A8AF5 /* SwiftUI.framework */,
			);
			name = Frameworks;
			sourceTree = "<group>";
		};
		3A0D2AA6253C3893000A8AF5 = {
			isa = PBXGroup;
			children = (
				3A0D2AB1253C3893000A8AF5 /* Billie */,
				3A0D2AC8253C3894000A8AF5 /* BillieTests */,
				3A0D2AD3253C3894000A8AF5 /* BillieUITests */,
				3A0D2BAA253C60B3000A8AF5 /* widget */,
				3A0D2AB0253C3893000A8AF5 /* Products */,
				64CDC6D699C4C1EE12D08B84 /* Pods */,
				1F473D774CD7E6D5A9BDDCC6 /* Frameworks */,
			);
			sourceTree = "<group>";
		};
		3A0D2AB0253C3893000A8AF5 /* Products */ = {
			isa = PBXGroup;
			children = (
				3A0D2AAF253C3893000A8AF5 /* Billie.app */,
				3A0D2AC5253C3894000A8AF5 /* BillieTests.xctest */,
				3A0D2AD0253C3894000A8AF5 /* BillieUITests.xctest */,
				3A0D2BA5253C60B2000A8AF5 /* widgetExtension.appex */,
			);
			name = Products;
			sourceTree = "<group>";
		};
		3A0D2AB1253C3893000A8AF5 /* Billie */ = {
			isa = PBXGroup;
			children = (
				3A0D2B41253C3DE0000A8AF5 /* AppDelegate.swift */,
				3A0D2B8B253C4207000A8AF5 /* SceneDelegate.swift */,
				3A0D2B11253C3DB1000A8AF5 /* SpotifyPublisher.swift */,
				3A0D2B46253C3DFC000A8AF5 /* Views */,
				3A0D2B56253C3E82000A8AF5 /* Util */,
				3A0D2B4E253C3E44000A8AF5 /* SpotifyKit */,
				3A0D2B5A253C3E8B000A8AF5 /* Model */,
				3A0D2AB8253C3894000A8AF5 /* Assets.xcassets */,
				3A0D2ABD253C3894000A8AF5 /* LaunchScreen.storyboard */,
				3A0D2AC0253C3894000A8AF5 /* Info.plist */,
				3A0D2B6D253C3F18000A8AF5 /* GoogleService-Info.plist */,
				3A0D2ABA253C3894000A8AF5 /* Preview Content */,
				3A0D2B64253C3EE9000A8AF5 /* Billie-Bridging-Header.h */,
			);
			path = Billie;
			sourceTree = "<group>";
		};
		3A0D2ABA253C3894000A8AF5 /* Preview Content */ = {
			isa = PBXGroup;
			children = (
				3A0D2ABB253C3894000A8AF5 /* Preview Assets.xcassets */,
			);
			path = "Preview Content";
			sourceTree = "<group>";
		};
		3A0D2AC8253C3894000A8AF5 /* BillieTests */ = {
			isa = PBXGroup;
			children = (
				3A0D2AC9253C3894000A8AF5 /* BillieTests.swift */,
				3A0D2ACB253C3894000A8AF5 /* Info.plist */,
			);
			path = BillieTests;
			sourceTree = "<group>";
		};
		3A0D2AD3253C3894000A8AF5 /* BillieUITests */ = {
			isa = PBXGroup;
			children = (
				3A0D2AD4253C3894000A8AF5 /* BillieUITests.swift */,
				3A0D2AD6253C3894000A8AF5 /* Info.plist */,
			);
			path = BillieUITests;
			sourceTree = "<group>";
		};
		3A0D2B46253C3DFC000A8AF5 /* Views */ = {
			isa = PBXGroup;
			children = (
				3A0D2B47253C3DFC000A8AF5 /* ContentView.swift */,
				3A0D2B17253C3DB2000A8AF5 /* HomeView.swift */,
				3A0D2B0A253C3DB0000A8AF5 /* SongDetailView.swift */,
				3A0D2B12253C3DB1000A8AF5 /* IsPlayingView.swift */,
				3A0D2B1C253C3DB2000A8AF5 /* SearchView.swift */,
				BD8B026D253C84FC0054AF76 /* Note Views */,
				3A0D2B52253C3E71000A8AF5 /* Now Playing */,
			);
			path = Views;
			sourceTree = "<group>";
		};
		3A0D2B4E253C3E44000A8AF5 /* SpotifyKit */ = {
			isa = PBXGroup;
			children = (
				3A0D2B19253C3DB2000A8AF5 /* Keychain.swift */,
				3A0D2B0C253C3DB0000A8AF5 /* SpotifyItems.swift */,
				3A0D2B14253C3DB1000A8AF5 /* SpotifyKit.swift */,
				3A0D2B1B253C3DB2000A8AF5 /* WebCommunications.swift */,
			);
			path = SpotifyKit;
			sourceTree = "<group>";
		};
		3A0D2B52253C3E71000A8AF5 /* Now Playing */ = {
			isa = PBXGroup;
			children = (
				3A0D2B13253C3DB1000A8AF5 /* NowPlayingView.swift */,
				BD1EBF05253C86E300CC6A46 /* MediaControlView.swift */,
				3A0D2B1D253C3DB3000A8AF5 /* ProgressView.swift */,
				3A0D2B15253C3DB1000A8AF5 /* CustomSlider.swift */,
				EAC7E3A2253C5B230066985A /* NowPlayingSliverView.swift */,
			);
			path = "Now Playing";
			sourceTree = "<group>";
		};
		3A0D2B56253C3E82000A8AF5 /* Util */ = {
			isa = PBXGroup;
			children = (
				3A0D2B16253C3DB2000A8AF5 /* URLImage.swift */,
				3A0D2B0B253C3DB0000A8AF5 /* BlurView.swift */,
				3A0D2B18253C3DB2000A8AF5 /* Extensions.swift */,
			);
			path = Util;
			sourceTree = "<group>";
		};
		3A0D2B5A253C3E8B000A8AF5 /* Model */ = {
			isa = PBXGroup;
			children = (
				3A0D2B0E253C3DB1000A8AF5 /* UserModel.swift */,
				3A0D2B93253C50D5000A8AF5 /* NoteModel.swift */,
				3A0D2B10253C3DB1000A8AF5 /* SongModel.swift */,
			);
			path = Model;
			sourceTree = "<group>";
		};
		3A0D2BAA253C60B3000A8AF5 /* widget */ = {
			isa = PBXGroup;
			children = (
				3A0D2BAB253C60B3000A8AF5 /* widget.swift */,
				3A0D2BAD253C60B3000A8AF5 /* widget.intentdefinition */,
				3A0D2BAE253C60B3000A8AF5 /* Assets.xcassets */,
				3A0D2BB0253C60B3000A8AF5 /* Info.plist */,
			);
			path = widget;
			sourceTree = "<group>";
		};
		64CDC6D699C4C1EE12D08B84 /* Pods */ = {
			isa = PBXGroup;
			children = (
				EEC38AF50852D6399DA47CBB /* Pods-Billie.debug.xcconfig */,
				8A68833B8E50929105E9E0F8 /* Pods-Billie.release.xcconfig */,
				2BA97442031A5FDFF5FDFB68 /* Pods-Billie-BillieUITests.debug.xcconfig */,
				A0C9C966036D73F3BD1AC7BA /* Pods-Billie-BillieUITests.release.xcconfig */,
				B730C291FCC6441BBCC8558E /* Pods-BillieTests.debug.xcconfig */,
				B181BC3C742876DB443F342D /* Pods-BillieTests.release.xcconfig */,
			);
			path = Pods;
			sourceTree = "<group>";
		};
		BD8B026D253C84FC0054AF76 /* Note Views */ = {
			isa = PBXGroup;
			children = (
				BD8B024B253C75850054AF76 /* NoteItemView.swift */,
				BD8B0255253C791E0054AF76 /* NewNoteView.swift */,
				BD8B025B253C80890054AF76 /* TextArea.swift */,
			);
			path = "Note Views";
			sourceTree = "<group>";
		};
/* End PBXGroup section */

/* Begin PBXNativeTarget section */
		3A0D2AAE253C3893000A8AF5 /* Billie */ = {
			isa = PBXNativeTarget;
			buildConfigurationList = 3A0D2AD9253C3894000A8AF5 /* Build configuration list for PBXNativeTarget "Billie" */;
			buildPhases = (
				BE7CC5782EA67213C24D4503 /* [CP] Check Pods Manifest.lock */,
				3A0D2AAB253C3893000A8AF5 /* Sources */,
				3A0D2AAC253C3893000A8AF5 /* Frameworks */,
				3A0D2AAD253C3893000A8AF5 /* Resources */,
				47840EFE998FA79E05402CBA /* [CP] Embed Pods Frameworks */,
				3A0D2BB5253C60B3000A8AF5 /* Embed App Extensions */,
			);
			buildRules = (
			);
			dependencies = (
				3A0D2BB4253C60B3000A8AF5 /* PBXTargetDependency */,
			);
			name = Billie;
			packageProductDependencies = (
				3A0D2B03253C3AB7000A8AF5 /* Sliders */,
			);
			productName = Billie;
			productReference = 3A0D2AAF253C3893000A8AF5 /* Billie.app */;
			productType = "com.apple.product-type.application";
		};
		3A0D2AC4253C3894000A8AF5 /* BillieTests */ = {
			isa = PBXNativeTarget;
			buildConfigurationList = 3A0D2ADC253C3894000A8AF5 /* Build configuration list for PBXNativeTarget "BillieTests" */;
			buildPhases = (
				583B343C4087C8D3A29474E7 /* [CP] Check Pods Manifest.lock */,
				3A0D2AC1253C3894000A8AF5 /* Sources */,
				3A0D2AC2253C3894000A8AF5 /* Frameworks */,
				3A0D2AC3253C3894000A8AF5 /* Resources */,
			);
			buildRules = (
			);
			dependencies = (
				3A0D2AC7253C3894000A8AF5 /* PBXTargetDependency */,
			);
			name = BillieTests;
			productName = BillieTests;
			productReference = 3A0D2AC5253C3894000A8AF5 /* BillieTests.xctest */;
			productType = "com.apple.product-type.bundle.unit-test";
		};
		3A0D2ACF253C3894000A8AF5 /* BillieUITests */ = {
			isa = PBXNativeTarget;
			buildConfigurationList = 3A0D2ADF253C3894000A8AF5 /* Build configuration list for PBXNativeTarget "BillieUITests" */;
			buildPhases = (
				71E473FA15D648A9B4877521 /* [CP] Check Pods Manifest.lock */,
				3A0D2ACC253C3894000A8AF5 /* Sources */,
				3A0D2ACD253C3894000A8AF5 /* Frameworks */,
				3A0D2ACE253C3894000A8AF5 /* Resources */,
				09BD6EE2F28A4C009C75F9CD /* [CP] Embed Pods Frameworks */,
			);
			buildRules = (
			);
			dependencies = (
				3A0D2AD2253C3894000A8AF5 /* PBXTargetDependency */,
			);
			name = BillieUITests;
			productName = BillieUITests;
			productReference = 3A0D2AD0253C3894000A8AF5 /* BillieUITests.xctest */;
			productType = "com.apple.product-type.bundle.ui-testing";
		};
		3A0D2BA4253C60B2000A8AF5 /* widgetExtension */ = {
			isa = PBXNativeTarget;
			buildConfigurationList = 3A0D2BB9253C60B3000A8AF5 /* Build configuration list for PBXNativeTarget "widgetExtension" */;
			buildPhases = (
				3A0D2BA1253C60B2000A8AF5 /* Sources */,
				3A0D2BA2253C60B2000A8AF5 /* Frameworks */,
				3A0D2BA3253C60B2000A8AF5 /* Resources */,
			);
			buildRules = (
			);
			dependencies = (
			);
			name = widgetExtension;
			productName = widgetExtension;
			productReference = 3A0D2BA5253C60B2000A8AF5 /* widgetExtension.appex */;
			productType = "com.apple.product-type.app-extension";
		};
/* End PBXNativeTarget section */

/* Begin PBXProject section */
		3A0D2AA7253C3893000A8AF5 /* Project object */ = {
			isa = PBXProject;
			attributes = {
				LastSwiftUpdateCheck = 1200;
				LastUpgradeCheck = 1200;
				TargetAttributes = {
					3A0D2AAE253C3893000A8AF5 = {
						CreatedOnToolsVersion = 12.0;
						LastSwiftMigration = 1200;
					};
					3A0D2AC4253C3894000A8AF5 = {
						CreatedOnToolsVersion = 12.0;
						TestTargetID = 3A0D2AAE253C3893000A8AF5;
					};
					3A0D2ACF253C3894000A8AF5 = {
						CreatedOnToolsVersion = 12.0;
						TestTargetID = 3A0D2AAE253C3893000A8AF5;
					};
					3A0D2BA4253C60B2000A8AF5 = {
						CreatedOnToolsVersion = 12.0;
					};
				};
			};
			buildConfigurationList = 3A0D2AAA253C3893000A8AF5 /* Build configuration list for PBXProject "Billie" */;
			compatibilityVersion = "Xcode 9.3";
			developmentRegion = en;
			hasScannedForEncodings = 0;
			knownRegions = (
				en,
				Base,
			);
			mainGroup = 3A0D2AA6253C3893000A8AF5;
			packageReferences = (
				3A0D2B02253C3AB7000A8AF5 /* XCRemoteSwiftPackageReference "swiftui-sliders" */,
			);
			productRefGroup = 3A0D2AB0253C3893000A8AF5 /* Products */;
			projectDirPath = "";
			projectRoot = "";
			targets = (
				3A0D2AAE253C3893000A8AF5 /* Billie */,
				3A0D2AC4253C3894000A8AF5 /* BillieTests */,
				3A0D2ACF253C3894000A8AF5 /* BillieUITests */,
				3A0D2BA4253C60B2000A8AF5 /* widgetExtension */,
			);
		};
/* End PBXProject section */

/* Begin PBXResourcesBuildPhase section */
		3A0D2AAD253C3893000A8AF5 /* Resources */ = {
			isa = PBXResourcesBuildPhase;
			buildActionMask = 2147483647;
			files = (
				3A0D2ABF253C3894000A8AF5 /* LaunchScreen.storyboard in Resources */,
				3A0D2B6E253C3F18000A8AF5 /* GoogleService-Info.plist in Resources */,
				3A0D2ABC253C3894000A8AF5 /* Preview Assets.xcassets in Resources */,
				3A0D2AB9253C3894000A8AF5 /* Assets.xcassets in Resources */,
			);
			runOnlyForDeploymentPostprocessing = 0;
		};
		3A0D2AC3253C3894000A8AF5 /* Resources */ = {
			isa = PBXResourcesBuildPhase;
			buildActionMask = 2147483647;
			files = (
			);
			runOnlyForDeploymentPostprocessing = 0;
		};
		3A0D2ACE253C3894000A8AF5 /* Resources */ = {
			isa = PBXResourcesBuildPhase;
			buildActionMask = 2147483647;
			files = (
			);
			runOnlyForDeploymentPostprocessing = 0;
		};
		3A0D2BA3253C60B2000A8AF5 /* Resources */ = {
			isa = PBXResourcesBuildPhase;
			buildActionMask = 2147483647;
			files = (
				3A0D2BAF253C60B3000A8AF5 /* Assets.xcassets in Resources */,
			);
			runOnlyForDeploymentPostprocessing = 0;
		};
/* End PBXResourcesBuildPhase section */

/* Begin PBXShellScriptBuildPhase section */
		09BD6EE2F28A4C009C75F9CD /* [CP] Embed Pods Frameworks */ = {
			isa = PBXShellScriptBuildPhase;
			buildActionMask = 2147483647;
			files = (
			);
			inputFileListPaths = (
				"${PODS_ROOT}/Target Support Files/Pods-Billie-BillieUITests/Pods-Billie-BillieUITests-frameworks-${CONFIGURATION}-input-files.xcfilelist",
			);
			name = "[CP] Embed Pods Frameworks";
			outputFileListPaths = (
				"${PODS_ROOT}/Target Support Files/Pods-Billie-BillieUITests/Pods-Billie-BillieUITests-frameworks-${CONFIGURATION}-output-files.xcfilelist",
			);
			runOnlyForDeploymentPostprocessing = 0;
			shellPath = /bin/sh;
			shellScript = "\"${PODS_ROOT}/Target Support Files/Pods-Billie-BillieUITests/Pods-Billie-BillieUITests-frameworks.sh\"\n";
			showEnvVarsInLog = 0;
		};
		47840EFE998FA79E05402CBA /* [CP] Embed Pods Frameworks */ = {
			isa = PBXShellScriptBuildPhase;
			buildActionMask = 2147483647;
			files = (
			);
			inputFileListPaths = (
				"${PODS_ROOT}/Target Support Files/Pods-Billie/Pods-Billie-frameworks-${CONFIGURATION}-input-files.xcfilelist",
			);
			name = "[CP] Embed Pods Frameworks";
			outputFileListPaths = (
				"${PODS_ROOT}/Target Support Files/Pods-Billie/Pods-Billie-frameworks-${CONFIGURATION}-output-files.xcfilelist",
			);
			runOnlyForDeploymentPostprocessing = 0;
			shellPath = /bin/sh;
			shellScript = "\"${PODS_ROOT}/Target Support Files/Pods-Billie/Pods-Billie-frameworks.sh\"\n";
			showEnvVarsInLog = 0;
		};
		583B343C4087C8D3A29474E7 /* [CP] Check Pods Manifest.lock */ = {
			isa = PBXShellScriptBuildPhase;
			buildActionMask = 2147483647;
			files = (
			);
			inputFileListPaths = (
			);
			inputPaths = (
				"${PODS_PODFILE_DIR_PATH}/Podfile.lock",
				"${PODS_ROOT}/Manifest.lock",
			);
			name = "[CP] Check Pods Manifest.lock";
			outputFileListPaths = (
			);
			outputPaths = (
				"$(DERIVED_FILE_DIR)/Pods-BillieTests-checkManifestLockResult.txt",
			);
			runOnlyForDeploymentPostprocessing = 0;
			shellPath = /bin/sh;
			shellScript = "diff \"${PODS_PODFILE_DIR_PATH}/Podfile.lock\" \"${PODS_ROOT}/Manifest.lock\" > /dev/null\nif [ $? != 0 ] ; then\n    # print error to STDERR\n    echo \"error: The sandbox is not in sync with the Podfile.lock. Run 'pod install' or update your CocoaPods installation.\" >&2\n    exit 1\nfi\n# This output is used by Xcode 'outputs' to avoid re-running this script phase.\necho \"SUCCESS\" > \"${SCRIPT_OUTPUT_FILE_0}\"\n";
			showEnvVarsInLog = 0;
		};
		71E473FA15D648A9B4877521 /* [CP] Check Pods Manifest.lock */ = {
			isa = PBXShellScriptBuildPhase;
			buildActionMask = 2147483647;
			files = (
			);
			inputFileListPaths = (
			);
			inputPaths = (
				"${PODS_PODFILE_DIR_PATH}/Podfile.lock",
				"${PODS_ROOT}/Manifest.lock",
			);
			name = "[CP] Check Pods Manifest.lock";
			outputFileListPaths = (
			);
			outputPaths = (
				"$(DERIVED_FILE_DIR)/Pods-Billie-BillieUITests-checkManifestLockResult.txt",
			);
			runOnlyForDeploymentPostprocessing = 0;
			shellPath = /bin/sh;
			shellScript = "diff \"${PODS_PODFILE_DIR_PATH}/Podfile.lock\" \"${PODS_ROOT}/Manifest.lock\" > /dev/null\nif [ $? != 0 ] ; then\n    # print error to STDERR\n    echo \"error: The sandbox is not in sync with the Podfile.lock. Run 'pod install' or update your CocoaPods installation.\" >&2\n    exit 1\nfi\n# This output is used by Xcode 'outputs' to avoid re-running this script phase.\necho \"SUCCESS\" > \"${SCRIPT_OUTPUT_FILE_0}\"\n";
			showEnvVarsInLog = 0;
		};
		BE7CC5782EA67213C24D4503 /* [CP] Check Pods Manifest.lock */ = {
			isa = PBXShellScriptBuildPhase;
			buildActionMask = 2147483647;
			files = (
			);
			inputFileListPaths = (
			);
			inputPaths = (
				"${PODS_PODFILE_DIR_PATH}/Podfile.lock",
				"${PODS_ROOT}/Manifest.lock",
			);
			name = "[CP] Check Pods Manifest.lock";
			outputFileListPaths = (
			);
			outputPaths = (
				"$(DERIVED_FILE_DIR)/Pods-Billie-checkManifestLockResult.txt",
			);
			runOnlyForDeploymentPostprocessing = 0;
			shellPath = /bin/sh;
			shellScript = "diff \"${PODS_PODFILE_DIR_PATH}/Podfile.lock\" \"${PODS_ROOT}/Manifest.lock\" > /dev/null\nif [ $? != 0 ] ; then\n    # print error to STDERR\n    echo \"error: The sandbox is not in sync with the Podfile.lock. Run 'pod install' or update your CocoaPods installation.\" >&2\n    exit 1\nfi\n# This output is used by Xcode 'outputs' to avoid re-running this script phase.\necho \"SUCCESS\" > \"${SCRIPT_OUTPUT_FILE_0}\"\n";
			showEnvVarsInLog = 0;
		};
/* End PBXShellScriptBuildPhase section */

/* Begin PBXSourcesBuildPhase section */
		3A0D2AAB253C3893000A8AF5 /* Sources */ = {
			isa = PBXSourcesBuildPhase;
			buildActionMask = 2147483647;
			files = (
				3A0D2BB2253C60B3000A8AF5 /* widget.intentdefinition in Sources */,
				3A0D2B1E253C3DB3000A8AF5 /* SongDetailView.swift in Sources */,
				BD1EBF06253C86E300CC6A46 /* MediaControlView.swift in Sources */,
				3A0D2B2C253C3DB3000A8AF5 /* Extensions.swift in Sources */,
				BD8B0256253C791E0054AF76 /* NewNoteView.swift in Sources */,
				3A0D2B29253C3DB3000A8AF5 /* CustomSlider.swift in Sources */,
				3A0D2B28253C3DB3000A8AF5 /* SpotifyKit.swift in Sources */,
				BD8B025C253C80890054AF76 /* TextArea.swift in Sources */,
				BD8B024C253C75850054AF76 /* NoteItemView.swift in Sources */,
				3A0D2B22253C3DB3000A8AF5 /* UserModel.swift in Sources */,
				3A0D2B2B253C3DB3000A8AF5 /* HomeView.swift in Sources */,
				3A0D2B77253C3F77000A8AF5 /* ContentView.swift in Sources */,
				3A0D2B26253C3DB3000A8AF5 /* IsPlayingView.swift in Sources */,
				3A0D2B42253C3DE0000A8AF5 /* AppDelegate.swift in Sources */,
				3A0D2B30253C3DB3000A8AF5 /* SearchView.swift in Sources */,
				3A0D2B1F253C3DB3000A8AF5 /* BlurView.swift in Sources */,
				3A0D2B2D253C3DB3000A8AF5 /* Keychain.swift in Sources */,
				3A0D2B8C253C4208000A8AF5 /* SceneDelegate.swift in Sources */,
				3A0D2B25253C3DB3000A8AF5 /* SpotifyPublisher.swift in Sources */,
				3A0D2B24253C3DB3000A8AF5 /* SongModel.swift in Sources */,
				3A0D2B2F253C3DB3000A8AF5 /* WebCommunications.swift in Sources */,
				3A0D2B27253C3DB3000A8AF5 /* NowPlayingView.swift in Sources */,
				3A0D2B20253C3DB3000A8AF5 /* SpotifyItems.swift in Sources */,
				3A0D2B31253C3DB3000A8AF5 /* ProgressView.swift in Sources */,
				EAC7E3A3253C5B230066985A /* NowPlayingSliverView.swift in Sources */,
				3A0D2B94253C50D5000A8AF5 /* NoteModel.swift in Sources */,
				3A0D2B2A253C3DB3000A8AF5 /* URLImage.swift in Sources */,
			);
			runOnlyForDeploymentPostprocessing = 0;
		};
		3A0D2AC1253C3894000A8AF5 /* Sources */ = {
			isa = PBXSourcesBuildPhase;
			buildActionMask = 2147483647;
			files = (
				3A0D2ACA253C3894000A8AF5 /* BillieTests.swift in Sources */,
			);
			runOnlyForDeploymentPostprocessing = 0;
		};
		3A0D2ACC253C3894000A8AF5 /* Sources */ = {
			isa = PBXSourcesBuildPhase;
			buildActionMask = 2147483647;
			files = (
				3A0D2AD5253C3894000A8AF5 /* BillieUITests.swift in Sources */,
			);
			runOnlyForDeploymentPostprocessing = 0;
		};
		3A0D2BA1253C60B2000A8AF5 /* Sources */ = {
			isa = PBXSourcesBuildPhase;
			buildActionMask = 2147483647;
			files = (
				3A0D2BB1253C60B3000A8AF5 /* widget.intentdefinition in Sources */,
				3A0D2BAC253C60B3000A8AF5 /* widget.swift in Sources */,
			);
			runOnlyForDeploymentPostprocessing = 0;
		};
/* End PBXSourcesBuildPhase section */

/* Begin PBXTargetDependency section */
		3A0D2AC7253C3894000A8AF5 /* PBXTargetDependency */ = {
			isa = PBXTargetDependency;
			target = 3A0D2AAE253C3893000A8AF5 /* Billie */;
			targetProxy = 3A0D2AC6253C3894000A8AF5 /* PBXContainerItemProxy */;
		};
		3A0D2AD2253C3894000A8AF5 /* PBXTargetDependency */ = {
			isa = PBXTargetDependency;
			target = 3A0D2AAE253C3893000A8AF5 /* Billie */;
			targetProxy = 3A0D2AD1253C3894000A8AF5 /* PBXContainerItemProxy */;
		};
		3A0D2BB4253C60B3000A8AF5 /* PBXTargetDependency */ = {
			isa = PBXTargetDependency;
			target = 3A0D2BA4253C60B2000A8AF5 /* widgetExtension */;
			targetProxy = 3A0D2BB3253C60B3000A8AF5 /* PBXContainerItemProxy */;
		};
/* End PBXTargetDependency section */

/* Begin PBXVariantGroup section */
		3A0D2ABD253C3894000A8AF5 /* LaunchScreen.storyboard */ = {
			isa = PBXVariantGroup;
			children = (
				3A0D2ABE253C3894000A8AF5 /* Base */,
			);
			name = LaunchScreen.storyboard;
			sourceTree = "<group>";
		};
/* End PBXVariantGroup section */

/* Begin XCBuildConfiguration section */
		3A0D2AD7253C3894000A8AF5 /* Debug */ = {
			isa = XCBuildConfiguration;
			buildSettings = {
				ALWAYS_SEARCH_USER_PATHS = NO;
				CLANG_ANALYZER_NONNULL = YES;
				CLANG_ANALYZER_NUMBER_OBJECT_CONVERSION = YES_AGGRESSIVE;
				CLANG_CXX_LANGUAGE_STANDARD = "gnu++14";
				CLANG_CXX_LIBRARY = "libc++";
				CLANG_ENABLE_MODULES = YES;
				CLANG_ENABLE_OBJC_ARC = YES;
				CLANG_ENABLE_OBJC_WEAK = YES;
				CLANG_WARN_BLOCK_CAPTURE_AUTORELEASING = YES;
				CLANG_WARN_BOOL_CONVERSION = YES;
				CLANG_WARN_COMMA = YES;
				CLANG_WARN_CONSTANT_CONVERSION = YES;
				CLANG_WARN_DEPRECATED_OBJC_IMPLEMENTATIONS = YES;
				CLANG_WARN_DIRECT_OBJC_ISA_USAGE = YES_ERROR;
				CLANG_WARN_DOCUMENTATION_COMMENTS = YES;
				CLANG_WARN_EMPTY_BODY = YES;
				CLANG_WARN_ENUM_CONVERSION = YES;
				CLANG_WARN_INFINITE_RECURSION = YES;
				CLANG_WARN_INT_CONVERSION = YES;
				CLANG_WARN_NON_LITERAL_NULL_CONVERSION = YES;
				CLANG_WARN_OBJC_IMPLICIT_RETAIN_SELF = YES;
				CLANG_WARN_OBJC_LITERAL_CONVERSION = YES;
				CLANG_WARN_OBJC_ROOT_CLASS = YES_ERROR;
				CLANG_WARN_QUOTED_INCLUDE_IN_FRAMEWORK_HEADER = YES;
				CLANG_WARN_RANGE_LOOP_ANALYSIS = YES;
				CLANG_WARN_STRICT_PROTOTYPES = YES;
				CLANG_WARN_SUSPICIOUS_MOVE = YES;
				CLANG_WARN_UNGUARDED_AVAILABILITY = YES_AGGRESSIVE;
				CLANG_WARN_UNREACHABLE_CODE = YES;
				CLANG_WARN__DUPLICATE_METHOD_MATCH = YES;
				COPY_PHASE_STRIP = NO;
				DEBUG_INFORMATION_FORMAT = dwarf;
				ENABLE_STRICT_OBJC_MSGSEND = YES;
				ENABLE_TESTABILITY = YES;
				GCC_C_LANGUAGE_STANDARD = gnu11;
				GCC_DYNAMIC_NO_PIC = NO;
				GCC_NO_COMMON_BLOCKS = YES;
				GCC_OPTIMIZATION_LEVEL = 0;
				GCC_PREPROCESSOR_DEFINITIONS = (
					"DEBUG=1",
					"$(inherited)",
				);
				GCC_WARN_64_TO_32_BIT_CONVERSION = YES;
				GCC_WARN_ABOUT_RETURN_TYPE = YES_ERROR;
				GCC_WARN_UNDECLARED_SELECTOR = YES;
				GCC_WARN_UNINITIALIZED_AUTOS = YES_AGGRESSIVE;
				GCC_WARN_UNUSED_FUNCTION = YES;
				GCC_WARN_UNUSED_VARIABLE = YES;
				IPHONEOS_DEPLOYMENT_TARGET = 14.0;
				MTL_ENABLE_DEBUG_INFO = INCLUDE_SOURCE;
				MTL_FAST_MATH = YES;
				ONLY_ACTIVE_ARCH = YES;
				SDKROOT = iphoneos;
				SWIFT_ACTIVE_COMPILATION_CONDITIONS = DEBUG;
				SWIFT_OPTIMIZATION_LEVEL = "-Onone";
			};
			name = Debug;
		};
		3A0D2AD8253C3894000A8AF5 /* Release */ = {
			isa = XCBuildConfiguration;
			buildSettings = {
				ALWAYS_SEARCH_USER_PATHS = NO;
				CLANG_ANALYZER_NONNULL = YES;
				CLANG_ANALYZER_NUMBER_OBJECT_CONVERSION = YES_AGGRESSIVE;
				CLANG_CXX_LANGUAGE_STANDARD = "gnu++14";
				CLANG_CXX_LIBRARY = "libc++";
				CLANG_ENABLE_MODULES = YES;
				CLANG_ENABLE_OBJC_ARC = YES;
				CLANG_ENABLE_OBJC_WEAK = YES;
				CLANG_WARN_BLOCK_CAPTURE_AUTORELEASING = YES;
				CLANG_WARN_BOOL_CONVERSION = YES;
				CLANG_WARN_COMMA = YES;
				CLANG_WARN_CONSTANT_CONVERSION = YES;
				CLANG_WARN_DEPRECATED_OBJC_IMPLEMENTATIONS = YES;
				CLANG_WARN_DIRECT_OBJC_ISA_USAGE = YES_ERROR;
				CLANG_WARN_DOCUMENTATION_COMMENTS = YES;
				CLANG_WARN_EMPTY_BODY = YES;
				CLANG_WARN_ENUM_CONVERSION = YES;
				CLANG_WARN_INFINITE_RECURSION = YES;
				CLANG_WARN_INT_CONVERSION = YES;
				CLANG_WARN_NON_LITERAL_NULL_CONVERSION = YES;
				CLANG_WARN_OBJC_IMPLICIT_RETAIN_SELF = YES;
				CLANG_WARN_OBJC_LITERAL_CONVERSION = YES;
				CLANG_WARN_OBJC_ROOT_CLASS = YES_ERROR;
				CLANG_WARN_QUOTED_INCLUDE_IN_FRAMEWORK_HEADER = YES;
				CLANG_WARN_RANGE_LOOP_ANALYSIS = YES;
				CLANG_WARN_STRICT_PROTOTYPES = YES;
				CLANG_WARN_SUSPICIOUS_MOVE = YES;
				CLANG_WARN_UNGUARDED_AVAILABILITY = YES_AGGRESSIVE;
				CLANG_WARN_UNREACHABLE_CODE = YES;
				CLANG_WARN__DUPLICATE_METHOD_MATCH = YES;
				COPY_PHASE_STRIP = NO;
				DEBUG_INFORMATION_FORMAT = "dwarf-with-dsym";
				ENABLE_NS_ASSERTIONS = NO;
				ENABLE_STRICT_OBJC_MSGSEND = YES;
				GCC_C_LANGUAGE_STANDARD = gnu11;
				GCC_NO_COMMON_BLOCKS = YES;
				GCC_WARN_64_TO_32_BIT_CONVERSION = YES;
				GCC_WARN_ABOUT_RETURN_TYPE = YES_ERROR;
				GCC_WARN_UNDECLARED_SELECTOR = YES;
				GCC_WARN_UNINITIALIZED_AUTOS = YES_AGGRESSIVE;
				GCC_WARN_UNUSED_FUNCTION = YES;
				GCC_WARN_UNUSED_VARIABLE = YES;
				IPHONEOS_DEPLOYMENT_TARGET = 14.0;
				MTL_ENABLE_DEBUG_INFO = NO;
				MTL_FAST_MATH = YES;
				SDKROOT = iphoneos;
				SWIFT_COMPILATION_MODE = wholemodule;
				SWIFT_OPTIMIZATION_LEVEL = "-O";
				VALIDATE_PRODUCT = YES;
			};
			name = Release;
		};
		3A0D2ADA253C3894000A8AF5 /* Debug */ = {
			isa = XCBuildConfiguration;
			baseConfigurationReference = EEC38AF50852D6399DA47CBB /* Pods-Billie.debug.xcconfig */;
			buildSettings = {
				ALWAYS_EMBED_SWIFT_STANDARD_LIBRARIES = YES;
				ASSETCATALOG_COMPILER_APPICON_NAME = AppIcon;
				ASSETCATALOG_COMPILER_GLOBAL_ACCENT_COLOR_NAME = AccentColor;
				CLANG_ENABLE_MODULES = YES;
				CODE_SIGN_STYLE = Automatic;
				DEVELOPMENT_ASSET_PATHS = "\"Billie/Preview Content\"";
				DEVELOPMENT_TEAM = Q9PPH2T3L2;
				ENABLE_PREVIEWS = YES;
				FRAMEWORK_SEARCH_PATHS = (
					"$(inherited)",
					"$(PROJECT_DIR)",
				);
				INFOPLIST_FILE = Billie/Info.plist;
				LD_RUNPATH_SEARCH_PATHS = (
					"$(inherited)",
					"@executable_path/Frameworks",
				);
				PRODUCT_BUNDLE_IDENTIFIER = com.mnabokow.HackNC2020;
				PRODUCT_NAME = "$(TARGET_NAME)";
				SWIFT_OBJC_BRIDGING_HEADER = "Billie/Billie-Bridging-Header.h";
				SWIFT_OPTIMIZATION_LEVEL = "-Onone";
				SWIFT_VERSION = 5.0;
				TARGETED_DEVICE_FAMILY = "1,2";
			};
			name = Debug;
		};
		3A0D2ADB253C3894000A8AF5 /* Release */ = {
			isa = XCBuildConfiguration;
			baseConfigurationReference = 8A68833B8E50929105E9E0F8 /* Pods-Billie.release.xcconfig */;
			buildSettings = {
				ALWAYS_EMBED_SWIFT_STANDARD_LIBRARIES = YES;
				ASSETCATALOG_COMPILER_APPICON_NAME = AppIcon;
				ASSETCATALOG_COMPILER_GLOBAL_ACCENT_COLOR_NAME = AccentColor;
				CLANG_ENABLE_MODULES = YES;
				CODE_SIGN_STYLE = Automatic;
				DEVELOPMENT_ASSET_PATHS = "\"Billie/Preview Content\"";
				DEVELOPMENT_TEAM = Q9PPH2T3L2;
				ENABLE_PREVIEWS = YES;
				FRAMEWORK_SEARCH_PATHS = (
					"$(inherited)",
					"$(PROJECT_DIR)",
				);
				INFOPLIST_FILE = Billie/Info.plist;
				LD_RUNPATH_SEARCH_PATHS = (
					"$(inherited)",
					"@executable_path/Frameworks",
				);
				PRODUCT_BUNDLE_IDENTIFIER = com.mnabokow.HackNC2020;
				PRODUCT_NAME = "$(TARGET_NAME)";
				SWIFT_OBJC_BRIDGING_HEADER = "Billie/Billie-Bridging-Header.h";
				SWIFT_VERSION = 5.0;
				TARGETED_DEVICE_FAMILY = "1,2";
			};
			name = Release;
		};
		3A0D2ADD253C3894000A8AF5 /* Debug */ = {
			isa = XCBuildConfiguration;
			baseConfigurationReference = B730C291FCC6441BBCC8558E /* Pods-BillieTests.debug.xcconfig */;
			buildSettings = {
				ALWAYS_EMBED_SWIFT_STANDARD_LIBRARIES = YES;
				BUNDLE_LOADER = "$(TEST_HOST)";
				CODE_SIGN_STYLE = Automatic;
				DEVELOPMENT_TEAM = Q9PPH2T3L2;
				INFOPLIST_FILE = BillieTests/Info.plist;
				IPHONEOS_DEPLOYMENT_TARGET = 14.0;
				LD_RUNPATH_SEARCH_PATHS = (
					"$(inherited)",
					"@executable_path/Frameworks",
					"@loader_path/Frameworks",
				);
				PRODUCT_BUNDLE_IDENTIFIER = com.DanielEdrisian.BillieTests;
				PRODUCT_NAME = "$(TARGET_NAME)";
				SWIFT_VERSION = 5.0;
				TARGETED_DEVICE_FAMILY = "1,2";
				TEST_HOST = "$(BUILT_PRODUCTS_DIR)/Billie.app/Billie";
			};
			name = Debug;
		};
		3A0D2ADE253C3894000A8AF5 /* Release */ = {
			isa = XCBuildConfiguration;
			baseConfigurationReference = B181BC3C742876DB443F342D /* Pods-BillieTests.release.xcconfig */;
			buildSettings = {
				ALWAYS_EMBED_SWIFT_STANDARD_LIBRARIES = YES;
				BUNDLE_LOADER = "$(TEST_HOST)";
				CODE_SIGN_STYLE = Automatic;
				DEVELOPMENT_TEAM = Q9PPH2T3L2;
				INFOPLIST_FILE = BillieTests/Info.plist;
				IPHONEOS_DEPLOYMENT_TARGET = 14.0;
				LD_RUNPATH_SEARCH_PATHS = (
					"$(inherited)",
					"@executable_path/Frameworks",
					"@loader_path/Frameworks",
				);
				PRODUCT_BUNDLE_IDENTIFIER = com.DanielEdrisian.BillieTests;
				PRODUCT_NAME = "$(TARGET_NAME)";
				SWIFT_VERSION = 5.0;
				TARGETED_DEVICE_FAMILY = "1,2";
				TEST_HOST = "$(BUILT_PRODUCTS_DIR)/Billie.app/Billie";
			};
			name = Release;
		};
		3A0D2AE0253C3894000A8AF5 /* Debug */ = {
			isa = XCBuildConfiguration;
			baseConfigurationReference = 2BA97442031A5FDFF5FDFB68 /* Pods-Billie-BillieUITests.debug.xcconfig */;
			buildSettings = {
				ALWAYS_EMBED_SWIFT_STANDARD_LIBRARIES = YES;
				CODE_SIGN_STYLE = Automatic;
				DEVELOPMENT_TEAM = Q9PPH2T3L2;
				INFOPLIST_FILE = BillieUITests/Info.plist;
				LD_RUNPATH_SEARCH_PATHS = (
					"$(inherited)",
					"@executable_path/Frameworks",
					"@loader_path/Frameworks",
				);
				PRODUCT_BUNDLE_IDENTIFIER = com.DanielEdrisian.BillieUITests;
				PRODUCT_NAME = "$(TARGET_NAME)";
				SWIFT_VERSION = 5.0;
				TARGETED_DEVICE_FAMILY = "1,2";
				TEST_TARGET_NAME = Billie;
			};
			name = Debug;
		};
		3A0D2AE1253C3894000A8AF5 /* Release */ = {
			isa = XCBuildConfiguration;
			baseConfigurationReference = A0C9C966036D73F3BD1AC7BA /* Pods-Billie-BillieUITests.release.xcconfig */;
			buildSettings = {
				ALWAYS_EMBED_SWIFT_STANDARD_LIBRARIES = YES;
				CODE_SIGN_STYLE = Automatic;
				DEVELOPMENT_TEAM = Q9PPH2T3L2;
				INFOPLIST_FILE = BillieUITests/Info.plist;
				LD_RUNPATH_SEARCH_PATHS = (
					"$(inherited)",
					"@executable_path/Frameworks",
					"@loader_path/Frameworks",
				);
				PRODUCT_BUNDLE_IDENTIFIER = com.DanielEdrisian.BillieUITests;
				PRODUCT_NAME = "$(TARGET_NAME)";
				SWIFT_VERSION = 5.0;
				TARGETED_DEVICE_FAMILY = "1,2";
				TEST_TARGET_NAME = Billie;
			};
			name = Release;
		};
		3A0D2BB7253C60B3000A8AF5 /* Debug */ = {
			isa = XCBuildConfiguration;
			buildSettings = {
				ASSETCATALOG_COMPILER_GLOBAL_ACCENT_COLOR_NAME = AccentColor;
				ASSETCATALOG_COMPILER_WIDGET_BACKGROUND_COLOR_NAME = WidgetBackground;
				CODE_SIGN_STYLE = Automatic;
				DEVELOPMENT_TEAM = Q9PPH2T3L2;
				INFOPLIST_FILE = widget/Info.plist;
				LD_RUNPATH_SEARCH_PATHS = (
					"$(inherited)",
					"@executable_path/Frameworks",
					"@executable_path/../../Frameworks",
					"${PODS_ROOT}/Firebase/CoreOnly/Sources",
				);
				PRODUCT_BUNDLE_IDENTIFIER = com.mnabokow.HackNC2020.widget;
				PRODUCT_NAME = "$(TARGET_NAME)";
				SKIP_INSTALL = YES;
				SWIFT_VERSION = 5.0;
				TARGETED_DEVICE_FAMILY = "1,2";
			};
			name = Debug;
		};
		3A0D2BB8253C60B3000A8AF5 /* Release */ = {
			isa = XCBuildConfiguration;
			buildSettings = {
				ASSETCATALOG_COMPILER_GLOBAL_ACCENT_COLOR_NAME = AccentColor;
				ASSETCATALOG_COMPILER_WIDGET_BACKGROUND_COLOR_NAME = WidgetBackground;
				CODE_SIGN_STYLE = Automatic;
				DEVELOPMENT_TEAM = Q9PPH2T3L2;
				INFOPLIST_FILE = widget/Info.plist;
				LD_RUNPATH_SEARCH_PATHS = (
					"$(inherited)",
					"@executable_path/Frameworks",
					"@executable_path/../../Frameworks",
					"${PODS_ROOT}/Firebase/CoreOnly/Sources",
				);
				PRODUCT_BUNDLE_IDENTIFIER = com.mnabokow.HackNC2020.widget;
				PRODUCT_NAME = "$(TARGET_NAME)";
				SKIP_INSTALL = YES;
				SWIFT_VERSION = 5.0;
				TARGETED_DEVICE_FAMILY = "1,2";
			};
			name = Release;
		};
/* End XCBuildConfiguration section */

/* Begin XCConfigurationList section */
		3A0D2AAA253C3893000A8AF5 /* Build configuration list for PBXProject "Billie" */ = {
			isa = XCConfigurationList;
			buildConfigurations = (
				3A0D2AD7253C3894000A8AF5 /* Debug */,
				3A0D2AD8253C3894000A8AF5 /* Release */,
			);
			defaultConfigurationIsVisible = 0;
			defaultConfigurationName = Release;
		};
		3A0D2AD9253C3894000A8AF5 /* Build configuration list for PBXNativeTarget "Billie" */ = {
			isa = XCConfigurationList;
			buildConfigurations = (
				3A0D2ADA253C3894000A8AF5 /* Debug */,
				3A0D2ADB253C3894000A8AF5 /* Release */,
			);
			defaultConfigurationIsVisible = 0;
			defaultConfigurationName = Release;
		};
		3A0D2ADC253C3894000A8AF5 /* Build configuration list for PBXNativeTarget "BillieTests" */ = {
			isa = XCConfigurationList;
			buildConfigurations = (
				3A0D2ADD253C3894000A8AF5 /* Debug */,
				3A0D2ADE253C3894000A8AF5 /* Release */,
			);
			defaultConfigurationIsVisible = 0;
			defaultConfigurationName = Release;
		};
		3A0D2ADF253C3894000A8AF5 /* Build configuration list for PBXNativeTarget "BillieUITests" */ = {
			isa = XCConfigurationList;
			buildConfigurations = (
				3A0D2AE0253C3894000A8AF5 /* Debug */,
				3A0D2AE1253C3894000A8AF5 /* Release */,
			);
			defaultConfigurationIsVisible = 0;
			defaultConfigurationName = Release;
		};
		3A0D2BB9253C60B3000A8AF5 /* Build configuration list for PBXNativeTarget "widgetExtension" */ = {
			isa = XCConfigurationList;
			buildConfigurations = (
				3A0D2BB7253C60B3000A8AF5 /* Debug */,
				3A0D2BB8253C60B3000A8AF5 /* Release */,
			);
			defaultConfigurationIsVisible = 0;
			defaultConfigurationName = Release;
		};
/* End XCConfigurationList section */

/* Begin XCRemoteSwiftPackageReference section */
		3A0D2B02253C3AB7000A8AF5 /* XCRemoteSwiftPackageReference "swiftui-sliders" */ = {
			isa = XCRemoteSwiftPackageReference;
			repositoryURL = "https://github.com/swift-extensions/swiftui-sliders.git";
			requirement = {
				kind = upToNextMajorVersion;
				minimumVersion = 1.0.0;
			};
		};
/* End XCRemoteSwiftPackageReference section */

/* Begin XCSwiftPackageProductDependency section */
		3A0D2B03253C3AB7000A8AF5 /* Sliders */ = {
			isa = XCSwiftPackageProductDependency;
			package = 3A0D2B02253C3AB7000A8AF5 /* XCRemoteSwiftPackageReference "swiftui-sliders" */;
			productName = Sliders;
		};
/* End XCSwiftPackageProductDependency section */
	};
	rootObject = 3A0D2AA7253C3893000A8AF5 /* Project object */;
}
